// !$*UTF8*$!
{
	archiveVersion = 1;
	classes = {
	};
	objectVersion = 46;
	objects = {

/* Begin PBXBuildFile section */
		473B0B7725A2627616DFEDE0 /* Pods_EasyRdv.framework in Frameworks */ = {isa = PBXBuildFile; fileRef = CABB0CC5945866FB1323CC5B /* Pods_EasyRdv.framework */; };
		E53F9E641D92B2CF00393343 /* GoogleAPIClient.framework in Frameworks */ = {isa = PBXBuildFile; fileRef = E57881F91D91707600B3656E /* GoogleAPIClient.framework */; };
		E53F9E651D92B2CF00393343 /* GTMOAuth2.framework in Frameworks */ = {isa = PBXBuildFile; fileRef = E57881FA1D91707600B3656E /* GTMOAuth2.framework */; };
		E53F9E661D92B2CF00393343 /* GTMSessionFetcher.framework in Frameworks */ = {isa = PBXBuildFile; fileRef = E57881FB1D91707600B3656E /* GTMSessionFetcher.framework */; };
		E53F9E681D92BEFD00393343 /* ApiManager.swift in Sources */ = {isa = PBXBuildFile; fileRef = E53F9E671D92BEFD00393343 /* ApiManager.swift */; };
		E53F9E6A1D92BF4100393343 /* Constants.swift in Sources */ = {isa = PBXBuildFile; fileRef = E53F9E691D92BF4100393343 /* Constants.swift */; };
		E53F9E6C1D92D31B00393343 /* Tools.swift in Sources */ = {isa = PBXBuildFile; fileRef = E53F9E6B1D92D31B00393343 /* Tools.swift */; };
		E53F9E6E1D92F18900393343 /* Event.swift in Sources */ = {isa = PBXBuildFile; fileRef = E53F9E6D1D92F18900393343 /* Event.swift */; };
		E569ED831D9C0A750034FF82 /* User.swift in Sources */ = {isa = PBXBuildFile; fileRef = E569ED811D9C0A750034FF82 /* User.swift */; };
		E569ED841D9C0A750034FF82 /* UserSingleton.swift in Sources */ = {isa = PBXBuildFile; fileRef = E569ED821D9C0A750034FF82 /* UserSingleton.swift */; };
		E569ED861D9C1F090034FF82 /* UserTableViewController.swift in Sources */ = {isa = PBXBuildFile; fileRef = E569ED851D9C1F090034FF82 /* UserTableViewController.swift */; };
		E56C536F1D9ABAFA00EA7053 /* LoadingViewCustome.swift in Sources */ = {isa = PBXBuildFile; fileRef = E56C536D1D9ABAFA00EA7053 /* LoadingViewCustome.swift */; };
		E56C53701D9ABAFA00EA7053 /* LoadingViewCustome.xib in Resources */ = {isa = PBXBuildFile; fileRef = E56C536E1D9ABAFA00EA7053 /* LoadingViewCustome.xib */; };
		E56E31161D95310D00359EF9 /* ClientCell.swift in Sources */ = {isa = PBXBuildFile; fileRef = E56E31151D95310D00359EF9 /* ClientCell.swift */; };
		E56E31181D95365F00359EF9 /* mourad.jpg in Resources */ = {isa = PBXBuildFile; fileRef = E56E31171D95365F00359EF9 /* mourad.jpg */; };
		E56E311A1D955E9B00359EF9 /* PriseRdvController.swift in Sources */ = {isa = PBXBuildFile; fileRef = E56E31191D955E9B00359EF9 /* PriseRdvController.swift */; };
		E57881CB1D91412600B3656E /* AppDelegate.swift in Sources */ = {isa = PBXBuildFile; fileRef = E57881CA1D91412600B3656E /* AppDelegate.swift */; };
		E57881D01D91412600B3656E /* Main.storyboard in Resources */ = {isa = PBXBuildFile; fileRef = E57881CE1D91412600B3656E /* Main.storyboard */; };
		E57881D31D91412600B3656E /* EasyRdv.xcdatamodeld in Sources */ = {isa = PBXBuildFile; fileRef = E57881D11D91412600B3656E /* EasyRdv.xcdatamodeld */; };
		E57881D51D91412600B3656E /* Assets.xcassets in Resources */ = {isa = PBXBuildFile; fileRef = E57881D41D91412600B3656E /* Assets.xcassets */; };
		E57881D81D91412600B3656E /* LaunchScreen.storyboard in Resources */ = {isa = PBXBuildFile; fileRef = E57881D61D91412600B3656E /* LaunchScreen.storyboard */; };
		E57881E31D91412600B3656E /* EasyRdvTests.swift in Sources */ = {isa = PBXBuildFile; fileRef = E57881E21D91412600B3656E /* EasyRdvTests.swift */; };
		E57C581A1D93D54E00E57BCB /* RdvTableViewController.swift in Sources */ = {isa = PBXBuildFile; fileRef = E57C58191D93D54E00E57BCB /* RdvTableViewController.swift */; };
		E57C581D1D93E85A00E57BCB /* RdvCell.swift in Sources */ = {isa = PBXBuildFile; fileRef = E57C581C1D93E85A00E57BCB /* RdvCell.swift */; };
		E586EF2D1D93CE9E009E8672 /* Calendar.swift in Sources */ = {isa = PBXBuildFile; fileRef = E586EF2C1D93CE9E009E8672 /* Calendar.swift */; };
		E586EF2F1D93CEE6009E8672 /* CalendarSingleton.swift in Sources */ = {isa = PBXBuildFile; fileRef = E586EF2E1D93CEE6009E8672 /* CalendarSingleton.swift */; };
/* End PBXBuildFile section */

/* Begin PBXContainerItemProxy section */
		E57881DF1D91412600B3656E /* PBXContainerItemProxy */ = {
			isa = PBXContainerItemProxy;
			containerPortal = E57881BF1D91412600B3656E /* Project object */;
			proxyType = 1;
			remoteGlobalIDString = E57881C61D91412600B3656E;
			remoteInfo = EasyRdv;
		};
/* End PBXContainerItemProxy section */

/* Begin PBXFileReference section */
		28F6BAC51ED2833B4FC46B22 /* Pods-EasyRdv.debug.xcconfig */ = {isa = PBXFileReference; includeInIndex = 1; lastKnownFileType = text.xcconfig; name = "Pods-EasyRdv.debug.xcconfig"; path = "Pods/Target Support Files/Pods-EasyRdv/Pods-EasyRdv.debug.xcconfig"; sourceTree = "<group>"; };
		647C29F76D20AC9105729055 /* libPods-EasyRdvTests.a */ = {isa = PBXFileReference; explicitFileType = archive.ar; includeInIndex = 0; path = "libPods-EasyRdvTests.a"; sourceTree = BUILT_PRODUCTS_DIR; };
		A0B1761CAB9FC9066B826DFA /* Pods-EasyRdv.release.xcconfig */ = {isa = PBXFileReference; includeInIndex = 1; lastKnownFileType = text.xcconfig; name = "Pods-EasyRdv.release.xcconfig"; path = "Pods/Target Support Files/Pods-EasyRdv/Pods-EasyRdv.release.xcconfig"; sourceTree = "<group>"; };
		CABB0CC5945866FB1323CC5B /* Pods_EasyRdv.framework */ = {isa = PBXFileReference; explicitFileType = wrapper.framework; includeInIndex = 0; path = Pods_EasyRdv.framework; sourceTree = BUILT_PRODUCTS_DIR; };
		E53F9E671D92BEFD00393343 /* ApiManager.swift */ = {isa = PBXFileReference; fileEncoding = 4; lastKnownFileType = sourcecode.swift; path = ApiManager.swift; sourceTree = "<group>"; };
		E53F9E691D92BF4100393343 /* Constants.swift */ = {isa = PBXFileReference; fileEncoding = 4; lastKnownFileType = sourcecode.swift; path = Constants.swift; sourceTree = "<group>"; };
		E53F9E6B1D92D31B00393343 /* Tools.swift */ = {isa = PBXFileReference; fileEncoding = 4; lastKnownFileType = sourcecode.swift; path = Tools.swift; sourceTree = "<group>"; };
		E53F9E6D1D92F18900393343 /* Event.swift */ = {isa = PBXFileReference; fileEncoding = 4; lastKnownFileType = sourcecode.swift; path = Event.swift; sourceTree = "<group>"; };
		E569ED811D9C0A750034FF82 /* User.swift */ = {isa = PBXFileReference; fileEncoding = 4; lastKnownFileType = sourcecode.swift; path = User.swift; sourceTree = "<group>"; };
		E569ED821D9C0A750034FF82 /* UserSingleton.swift */ = {isa = PBXFileReference; fileEncoding = 4; lastKnownFileType = sourcecode.swift; path = UserSingleton.swift; sourceTree = "<group>"; };
		E569ED851D9C1F090034FF82 /* UserTableViewController.swift */ = {isa = PBXFileReference; fileEncoding = 4; lastKnownFileType = sourcecode.swift; path = UserTableViewController.swift; sourceTree = "<group>"; };
		E56C536D1D9ABAFA00EA7053 /* LoadingViewCustome.swift */ = {isa = PBXFileReference; fileEncoding = 4; lastKnownFileType = sourcecode.swift; path = LoadingViewCustome.swift; sourceTree = "<group>"; };
		E56C536E1D9ABAFA00EA7053 /* LoadingViewCustome.xib */ = {isa = PBXFileReference; fileEncoding = 4; lastKnownFileType = file.xib; path = LoadingViewCustome.xib; sourceTree = "<group>"; };
		E56E31151D95310D00359EF9 /* ClientCell.swift */ = {isa = PBXFileReference; fileEncoding = 4; lastKnownFileType = sourcecode.swift; path = ClientCell.swift; sourceTree = "<group>"; };
		E56E31171D95365F00359EF9 /* mourad.jpg */ = {isa = PBXFileReference; lastKnownFileType = image.jpeg; path = mourad.jpg; sourceTree = "<group>"; };
		E56E31191D955E9B00359EF9 /* PriseRdvController.swift */ = {isa = PBXFileReference; fileEncoding = 4; lastKnownFileType = sourcecode.swift; path = PriseRdvController.swift; sourceTree = "<group>"; };
		E57881C71D91412600B3656E /* EasyRdv.app */ = {isa = PBXFileReference; explicitFileType = wrapper.application; includeInIndex = 0; path = EasyRdv.app; sourceTree = BUILT_PRODUCTS_DIR; };
		E57881CA1D91412600B3656E /* AppDelegate.swift */ = {isa = PBXFileReference; lastKnownFileType = sourcecode.swift; path = AppDelegate.swift; sourceTree = "<group>"; };
		E57881CF1D91412600B3656E /* Base */ = {isa = PBXFileReference; lastKnownFileType = file.storyboard; name = Base; path = Base.lproj/Main.storyboard; sourceTree = "<group>"; };
		E57881D21D91412600B3656E /* EasyRdv.xcdatamodel */ = {isa = PBXFileReference; lastKnownFileType = wrapper.xcdatamodel; path = EasyRdv.xcdatamodel; sourceTree = "<group>"; };
		E57881D41D91412600B3656E /* Assets.xcassets */ = {isa = PBXFileReference; lastKnownFileType = folder.assetcatalog; path = Assets.xcassets; sourceTree = "<group>"; };
		E57881D71D91412600B3656E /* Base */ = {isa = PBXFileReference; lastKnownFileType = file.storyboard; name = Base; path = Base.lproj/LaunchScreen.storyboard; sourceTree = "<group>"; };
		E57881D91D91412600B3656E /* Info.plist */ = {isa = PBXFileReference; lastKnownFileType = text.plist.xml; path = Info.plist; sourceTree = "<group>"; };
		E57881DE1D91412600B3656E /* EasyRdvTests.xctest */ = {isa = PBXFileReference; explicitFileType = wrapper.cfbundle; includeInIndex = 0; path = EasyRdvTests.xctest; sourceTree = BUILT_PRODUCTS_DIR; };
		E57881E21D91412600B3656E /* EasyRdvTests.swift */ = {isa = PBXFileReference; lastKnownFileType = sourcecode.swift; path = EasyRdvTests.swift; sourceTree = "<group>"; };
		E57881E41D91412600B3656E /* Info.plist */ = {isa = PBXFileReference; lastKnownFileType = text.plist.xml; path = Info.plist; sourceTree = "<group>"; };
		E57881ED1D91542800B3656E /* libGoogleAPIClient.a */ = {isa = PBXFileReference; lastKnownFileType = archive.ar; name = libGoogleAPIClient.a; path = "Pods/../build/Debug-iphoneos/GoogleAPIClient/libGoogleAPIClient.a"; sourceTree = "<group>"; };
		E57881EE1D91542800B3656E /* libGTMOAuth2.a */ = {isa = PBXFileReference; lastKnownFileType = archive.ar; name = libGTMOAuth2.a; path = "Pods/../build/Debug-iphoneos/GTMOAuth2/libGTMOAuth2.a"; sourceTree = "<group>"; };
		E57881EF1D91542800B3656E /* libGTMSessionFetcher.a */ = {isa = PBXFileReference; lastKnownFileType = archive.ar; name = libGTMSessionFetcher.a; path = "Pods/../build/Debug-iphoneos/GTMSessionFetcher/libGTMSessionFetcher.a"; sourceTree = "<group>"; };
		E57881F01D91542800B3656E /* libPods-EasyRdvTests.a */ = {isa = PBXFileReference; lastKnownFileType = archive.ar; name = "libPods-EasyRdvTests.a"; path = "Pods/../build/Debug-iphoneos/libPods-EasyRdvTests.a"; sourceTree = "<group>"; };
		E57881F91D91707600B3656E /* GoogleAPIClient.framework */ = {isa = PBXFileReference; lastKnownFileType = wrapper.framework; name = GoogleAPIClient.framework; path = "../../../../Library/Developer/Xcode/DerivedData/EasyRdv-gweklbkdftzuzrdfvovyunhvirsu/Build/Products/Debug-iphonesimulator/GoogleAPIClient/GoogleAPIClient.framework"; sourceTree = "<group>"; };
		E57881FA1D91707600B3656E /* GTMOAuth2.framework */ = {isa = PBXFileReference; lastKnownFileType = wrapper.framework; name = GTMOAuth2.framework; path = "../../../../Library/Developer/Xcode/DerivedData/EasyRdv-gweklbkdftzuzrdfvovyunhvirsu/Build/Products/Debug-iphonesimulator/GTMOAuth2/GTMOAuth2.framework"; sourceTree = "<group>"; };
		E57881FB1D91707600B3656E /* GTMSessionFetcher.framework */ = {isa = PBXFileReference; lastKnownFileType = wrapper.framework; name = GTMSessionFetcher.framework; path = "../../../../Library/Developer/Xcode/DerivedData/EasyRdv-gweklbkdftzuzrdfvovyunhvirsu/Build/Products/Debug-iphonesimulator/GTMSessionFetcher/GTMSessionFetcher.framework"; sourceTree = "<group>"; };
		E57C58191D93D54E00E57BCB /* RdvTableViewController.swift */ = {isa = PBXFileReference; fileEncoding = 4; lastKnownFileType = sourcecode.swift; path = RdvTableViewController.swift; sourceTree = "<group>"; };
		E57C581C1D93E85A00E57BCB /* RdvCell.swift */ = {isa = PBXFileReference; fileEncoding = 4; lastKnownFileType = sourcecode.swift; path = RdvCell.swift; sourceTree = "<group>"; };
		E586EF2C1D93CE9E009E8672 /* Calendar.swift */ = {isa = PBXFileReference; fileEncoding = 4; lastKnownFileType = sourcecode.swift; path = Calendar.swift; sourceTree = "<group>"; };
		E586EF2E1D93CEE6009E8672 /* CalendarSingleton.swift */ = {isa = PBXFileReference; fileEncoding = 4; lastKnownFileType = sourcecode.swift; path = CalendarSingleton.swift; sourceTree = "<group>"; };
/* End PBXFileReference section */

/* Begin PBXFrameworksBuildPhase section */
		E57881C41D91412600B3656E /* Frameworks */ = {
			isa = PBXFrameworksBuildPhase;
			buildActionMask = 2147483647;
			files = (
				E53F9E641D92B2CF00393343 /* GoogleAPIClient.framework in Frameworks */,
				E53F9E651D92B2CF00393343 /* GTMOAuth2.framework in Frameworks */,
				E53F9E661D92B2CF00393343 /* GTMSessionFetcher.framework in Frameworks */,
				473B0B7725A2627616DFEDE0 /* Pods_EasyRdv.framework in Frameworks */,
			);
			runOnlyForDeploymentPostprocessing = 0;
		};
		E57881DB1D91412600B3656E /* Frameworks */ = {
			isa = PBXFrameworksBuildPhase;
			buildActionMask = 2147483647;
			files = (
			);
			runOnlyForDeploymentPostprocessing = 0;
		};
/* End PBXFrameworksBuildPhase section */

/* Begin PBXGroup section */
		04C2492BB1A192DF2EE0731F /* Frameworks */ = {
			isa = PBXGroup;
			children = (
				E57881F91D91707600B3656E /* GoogleAPIClient.framework */,
				E57881FA1D91707600B3656E /* GTMOAuth2.framework */,
				E57881FB1D91707600B3656E /* GTMSessionFetcher.framework */,
				E57881ED1D91542800B3656E /* libGoogleAPIClient.a */,
				E57881EE1D91542800B3656E /* libGTMOAuth2.a */,
				E57881EF1D91542800B3656E /* libGTMSessionFetcher.a */,
				E57881F01D91542800B3656E /* libPods-EasyRdvTests.a */,
				647C29F76D20AC9105729055 /* libPods-EasyRdvTests.a */,
				CABB0CC5945866FB1323CC5B /* Pods_EasyRdv.framework */,
			);
			name = Frameworks;
			sourceTree = "<group>";
		};
		A3DCD91173A23F316A7825D1 /* Pods */ = {
			isa = PBXGroup;
			children = (
				28F6BAC51ED2833B4FC46B22 /* Pods-EasyRdv.debug.xcconfig */,
				A0B1761CAB9FC9066B826DFA /* Pods-EasyRdv.release.xcconfig */,
			);
			name = Pods;
			sourceTree = "<group>";
		};
		E57881BE1D91412600B3656E = {
			isa = PBXGroup;
			children = (
				E57881C91D91412600B3656E /* EasyRdv */,
				E57881E11D91412600B3656E /* EasyRdvTests */,
				E57881C81D91412600B3656E /* Products */,
				04C2492BB1A192DF2EE0731F /* Frameworks */,
				A3DCD91173A23F316A7825D1 /* Pods */,
			);
			sourceTree = "<group>";
		};
		E57881C81D91412600B3656E /* Products */ = {
			isa = PBXGroup;
			children = (
				E57881C71D91412600B3656E /* EasyRdv.app */,
				E57881DE1D91412600B3656E /* EasyRdvTests.xctest */,
			);
			name = Products;
			sourceTree = "<group>";
		};
		E57881C91D91412600B3656E /* EasyRdv */ = {
			isa = PBXGroup;
			children = (
				E57C581B1D93E83F00E57BCB /* Views */,
				E56E31171D95365F00359EF9 /* mourad.jpg */,
				E586EF2B1D93CC31009E8672 /* controllers */,
				E586EF2A1D93CC1B009E8672 /* util */,
				E57881CA1D91412600B3656E /* AppDelegate.swift */,
				E57881CE1D91412600B3656E /* Main.storyboard */,
				E57881D41D91412600B3656E /* Assets.xcassets */,
				E57881D61D91412600B3656E /* LaunchScreen.storyboard */,
				E57881D91D91412600B3656E /* Info.plist */,
				E57881D11D91412600B3656E /* EasyRdv.xcdatamodeld */,
			);
			path = EasyRdv;
			sourceTree = "<group>";
		};
		E57881E11D91412600B3656E /* EasyRdvTests */ = {
			isa = PBXGroup;
			children = (
				E57881E21D91412600B3656E /* EasyRdvTests.swift */,
				E57881E41D91412600B3656E /* Info.plist */,
			);
			path = EasyRdvTests;
			sourceTree = "<group>";
		};
		E57C581B1D93E83F00E57BCB /* Views */ = {
			isa = PBXGroup;
			children = (
				E56C536D1D9ABAFA00EA7053 /* LoadingViewCustome.swift */,
				E56C536E1D9ABAFA00EA7053 /* LoadingViewCustome.xib */,
				E57C581C1D93E85A00E57BCB /* RdvCell.swift */,
				E56E31151D95310D00359EF9 /* ClientCell.swift */,
			);
			name = Views;
			sourceTree = "<group>";
		};
		E586EF2A1D93CC1B009E8672 /* util */ = {
			isa = PBXGroup;
			children = (
				E569ED811D9C0A750034FF82 /* User.swift */,
				E569ED821D9C0A750034FF82 /* UserSingleton.swift */,
				E53F9E691D92BF4100393343 /* Constants.swift */,
				E53F9E671D92BEFD00393343 /* ApiManager.swift */,
				E53F9E6B1D92D31B00393343 /* Tools.swift */,
				E53F9E6D1D92F18900393343 /* Event.swift */,
				E586EF2E1D93CEE6009E8672 /* CalendarSingleton.swift */,
				E586EF2C1D93CE9E009E8672 /* Calendar.swift */,
			);
			name = util;
			sourceTree = "<group>";
		};
		E586EF2B1D93CC31009E8672 /* controllers */ = {
			isa = PBXGroup;
			children = (
				E569ED851D9C1F090034FF82 /* UserTableViewController.swift */,
				E57C58191D93D54E00E57BCB /* RdvTableViewController.swift */,
				E56E31191D955E9B00359EF9 /* PriseRdvController.swift */,
			);
			name = controllers;
			sourceTree = "<group>";
		};
/* End PBXGroup section */

/* Begin PBXNativeTarget section */
		E57881C61D91412600B3656E /* EasyRdv */ = {
			isa = PBXNativeTarget;
			buildConfigurationList = E57881E71D91412600B3656E /* Build configuration list for PBXNativeTarget "EasyRdv" */;
			buildPhases = (
				74AE65254FE6698DCEC3FA5D /* 📦 Check Pods Manifest.lock */,
				E57881C31D91412600B3656E /* Sources */,
				E57881C41D91412600B3656E /* Frameworks */,
				E57881C51D91412600B3656E /* Resources */,
				B99ED99D74B8A9C83F7541D4 /* 📦 Embed Pods Frameworks */,
				51972EA8B9EC6C0539230792 /* 📦 Copy Pods Resources */,
			);
			buildRules = (
			);
			dependencies = (
			);
			name = EasyRdv;
			productName = EasyRdv;
			productReference = E57881C71D91412600B3656E /* EasyRdv.app */;
			productType = "com.apple.product-type.application";
		};
		E57881DD1D91412600B3656E /* EasyRdvTests */ = {
			isa = PBXNativeTarget;
			buildConfigurationList = E57881EA1D91412600B3656E /* Build configuration list for PBXNativeTarget "EasyRdvTests" */;
			buildPhases = (
				AAF74BC959B0B06CE2BD75CD /* 📦 Check Pods Manifest.lock */,
				E57881DA1D91412600B3656E /* Sources */,
				E57881DB1D91412600B3656E /* Frameworks */,
				E57881DC1D91412600B3656E /* Resources */,
				CCC612700E1AA6149CB026C9 /* 📦 Embed Pods Frameworks */,
				9B9406779EEED0CFCC5BABE4 /* 📦 Copy Pods Resources */,
			);
			buildRules = (
			);
			dependencies = (
				E57881E01D91412600B3656E /* PBXTargetDependency */,
			);
			name = EasyRdvTests;
			productName = EasyRdvTests;
			productReference = E57881DE1D91412600B3656E /* EasyRdvTests.xctest */;
			productType = "com.apple.product-type.bundle.unit-test";
		};
/* End PBXNativeTarget section */

/* Begin PBXProject section */
		E57881BF1D91412600B3656E /* Project object */ = {
			isa = PBXProject;
			attributes = {
				LastSwiftUpdateCheck = 0730;
				LastUpgradeCheck = 0800;
				ORGANIZATIONNAME = "Yassir Aberni";
				TargetAttributes = {
					E57881C61D91412600B3656E = {
						CreatedOnToolsVersion = 7.3.1;
						DevelopmentTeam = AFB34M8P48;
						LastSwiftMigration = 0800;
					};
					E57881DD1D91412600B3656E = {
						CreatedOnToolsVersion = 7.3.1;
						LastSwiftMigration = 0800;
						TestTargetID = E57881C61D91412600B3656E;
					};
				};
			};
			buildConfigurationList = E57881C21D91412600B3656E /* Build configuration list for PBXProject "EasyRdv" */;
			compatibilityVersion = "Xcode 3.2";
			developmentRegion = English;
			hasScannedForEncodings = 0;
			knownRegions = (
				en,
				Base,
			);
			mainGroup = E57881BE1D91412600B3656E;
			productRefGroup = E57881C81D91412600B3656E /* Products */;
			projectDirPath = "";
			projectRoot = "";
			targets = (
				E57881C61D91412600B3656E /* EasyRdv */,
				E57881DD1D91412600B3656E /* EasyRdvTests */,
			);
		};
/* End PBXProject section */

/* Begin PBXResourcesBuildPhase section */
		E57881C51D91412600B3656E /* Resources */ = {
			isa = PBXResourcesBuildPhase;
			buildActionMask = 2147483647;
			files = (
				E56E31181D95365F00359EF9 /* mourad.jpg in Resources */,
				E56C53701D9ABAFA00EA7053 /* LoadingViewCustome.xib in Resources */,
				E57881D81D91412600B3656E /* LaunchScreen.storyboard in Resources */,
				E57881D51D91412600B3656E /* Assets.xcassets in Resources */,
				E57881D01D91412600B3656E /* Main.storyboard in Resources */,
			);
			runOnlyForDeploymentPostprocessing = 0;
		};
		E57881DC1D91412600B3656E /* Resources */ = {
			isa = PBXResourcesBuildPhase;
			buildActionMask = 2147483647;
			files = (
			);
			runOnlyForDeploymentPostprocessing = 0;
		};
/* End PBXResourcesBuildPhase section */

/* Begin PBXShellScriptBuildPhase section */
		51972EA8B9EC6C0539230792 /* 📦 Copy Pods Resources */ = {
			isa = PBXShellScriptBuildPhase;
			buildActionMask = 2147483647;
			files = (
			);
			inputPaths = (
			);
			name = "📦 Copy Pods Resources";
			outputPaths = (
			);
			runOnlyForDeploymentPostprocessing = 0;
			shellPath = /bin/sh;
			shellScript = "\"${SRCROOT}/Pods/Target Support Files/Pods-EasyRdv/Pods-EasyRdv-resources.sh\"\n";
			showEnvVarsInLog = 0;
		};
		74AE65254FE6698DCEC3FA5D /* 📦 Check Pods Manifest.lock */ = {
			isa = PBXShellScriptBuildPhase;
			buildActionMask = 2147483647;
			files = (
			);
			inputPaths = (
			);
			name = "📦 Check Pods Manifest.lock";
			outputPaths = (
			);
			runOnlyForDeploymentPostprocessing = 0;
			shellPath = /bin/sh;
			shellScript = "diff \"${PODS_ROOT}/../Podfile.lock\" \"${PODS_ROOT}/Manifest.lock\" > /dev/null\nif [[ $? != 0 ]] ; then\n    cat << EOM\nerror: The sandbox is not in sync with the Podfile.lock. Run 'pod install' or update your CocoaPods installation.\nEOM\n    exit 1\nfi\n";
			showEnvVarsInLog = 0;
		};
		9B9406779EEED0CFCC5BABE4 /* 📦 Copy Pods Resources */ = {
			isa = PBXShellScriptBuildPhase;
			buildActionMask = 2147483647;
			files = (
			);
			inputPaths = (
			);
			name = "📦 Copy Pods Resources";
			outputPaths = (
			);
			runOnlyForDeploymentPostprocessing = 0;
			shellPath = /bin/sh;
			shellScript = "\"${SRCROOT}/Pods/Target Support Files/Pods-EasyRdvTests/Pods-EasyRdvTests-resources.sh\"\n";
			showEnvVarsInLog = 0;
		};
		AAF74BC959B0B06CE2BD75CD /* 📦 Check Pods Manifest.lock */ = {
			isa = PBXShellScriptBuildPhase;
			buildActionMask = 2147483647;
			files = (
			);
			inputPaths = (
			);
			name = "📦 Check Pods Manifest.lock";
			outputPaths = (
			);
			runOnlyForDeploymentPostprocessing = 0;
			shellPath = /bin/sh;
			shellScript = "diff \"${PODS_ROOT}/../Podfile.lock\" \"${PODS_ROOT}/Manifest.lock\" > /dev/null\nif [[ $? != 0 ]] ; then\n    cat << EOM\nerror: The sandbox is not in sync with the Podfile.lock. Run 'pod install' or update your CocoaPods installation.\nEOM\n    exit 1\nfi\n";
			showEnvVarsInLog = 0;
		};
		B99ED99D74B8A9C83F7541D4 /* 📦 Embed Pods Frameworks */ = {
			isa = PBXShellScriptBuildPhase;
			buildActionMask = 2147483647;
			files = (
			);
			inputPaths = (
			);
			name = "📦 Embed Pods Frameworks";
			outputPaths = (
			);
			runOnlyForDeploymentPostprocessing = 0;
			shellPath = /bin/sh;
			shellScript = "\"${SRCROOT}/Pods/Target Support Files/Pods-EasyRdv/Pods-EasyRdv-frameworks.sh\"\n";
			showEnvVarsInLog = 0;
		};
		CCC612700E1AA6149CB026C9 /* 📦 Embed Pods Frameworks */ = {
			isa = PBXShellScriptBuildPhase;
			buildActionMask = 2147483647;
			files = (
			);
			inputPaths = (
			);
			name = "📦 Embed Pods Frameworks";
			outputPaths = (
			);
			runOnlyForDeploymentPostprocessing = 0;
			shellPath = /bin/sh;
			shellScript = "\"${SRCROOT}/Pods/Target Support Files/Pods-EasyRdvTests/Pods-EasyRdvTests-frameworks.sh\"\n";
			showEnvVarsInLog = 0;
		};
/* End PBXShellScriptBuildPhase section */

/* Begin PBXSourcesBuildPhase section */
		E57881C31D91412600B3656E /* Sources */ = {
			isa = PBXSourcesBuildPhase;
			buildActionMask = 2147483647;
			files = (
				E53F9E6A1D92BF4100393343 /* Constants.swift in Sources */,
				E53F9E681D92BEFD00393343 /* ApiManager.swift in Sources */,
				E586EF2F1D93CEE6009E8672 /* CalendarSingleton.swift in Sources */,
				E57881D31D91412600B3656E /* EasyRdv.xcdatamodeld in Sources */,
				E586EF2D1D93CE9E009E8672 /* Calendar.swift in Sources */,
				E53F9E6C1D92D31B00393343 /* Tools.swift in Sources */,
				E569ED831D9C0A750034FF82 /* User.swift in Sources */,
				E56E31161D95310D00359EF9 /* ClientCell.swift in Sources */,
				E569ED841D9C0A750034FF82 /* UserSingleton.swift in Sources */,
				E57C581D1D93E85A00E57BCB /* RdvCell.swift in Sources */,
				E57C581A1D93D54E00E57BCB /* RdvTableViewController.swift in Sources */,
				E53F9E6E1D92F18900393343 /* Event.swift in Sources */,
				E56E311A1D955E9B00359EF9 /* PriseRdvController.swift in Sources */,
				E56C536F1D9ABAFA00EA7053 /* LoadingViewCustome.swift in Sources */,
				E569ED861D9C1F090034FF82 /* UserTableViewController.swift in Sources */,
				E57881CB1D91412600B3656E /* AppDelegate.swift in Sources */,
			);
			runOnlyForDeploymentPostprocessing = 0;
		};
		E57881DA1D91412600B3656E /* Sources */ = {
			isa = PBXSourcesBuildPhase;
			buildActionMask = 2147483647;
			files = (
				E57881E31D91412600B3656E /* EasyRdvTests.swift in Sources */,
			);
			runOnlyForDeploymentPostprocessing = 0;
		};
/* End PBXSourcesBuildPhase section */

/* Begin PBXTargetDependency section */
		E57881E01D91412600B3656E /* PBXTargetDependency */ = {
			isa = PBXTargetDependency;
			target = E57881C61D91412600B3656E /* EasyRdv */;
			targetProxy = E57881DF1D91412600B3656E /* PBXContainerItemProxy */;
		};
/* End PBXTargetDependency section */

/* Begin PBXVariantGroup section */
		E57881CE1D91412600B3656E /* Main.storyboard */ = {
			isa = PBXVariantGroup;
			children = (
				E57881CF1D91412600B3656E /* Base */,
			);
			name = Main.storyboard;
			sourceTree = "<group>";
		};
		E57881D61D91412600B3656E /* LaunchScreen.storyboard */ = {
			isa = PBXVariantGroup;
			children = (
				E57881D71D91412600B3656E /* Base */,
			);
			name = LaunchScreen.storyboard;
			sourceTree = "<group>";
		};
/* End PBXVariantGroup section */

/* Begin XCBuildConfiguration section */
		E57881E51D91412600B3656E /* Debug */ = {
			isa = XCBuildConfiguration;
			buildSettings = {
				ALWAYS_SEARCH_USER_PATHS = NO;
				CLANG_ANALYZER_NONNULL = YES;
				CLANG_CXX_LANGUAGE_STANDARD = "gnu++0x";
				CLANG_CXX_LIBRARY = "libc++";
				CLANG_ENABLE_MODULES = YES;
				CLANG_ENABLE_OBJC_ARC = YES;
				CLANG_WARN_BOOL_CONVERSION = YES;
				CLANG_WARN_CONSTANT_CONVERSION = YES;
				CLANG_WARN_DIRECT_OBJC_ISA_USAGE = YES_ERROR;
				CLANG_WARN_EMPTY_BODY = YES;
				CLANG_WARN_ENUM_CONVERSION = YES;
				CLANG_WARN_INFINITE_RECURSION = YES;
				CLANG_WARN_INT_CONVERSION = YES;
				CLANG_WARN_OBJC_ROOT_CLASS = YES_ERROR;
				CLANG_WARN_SUSPICIOUS_MOVE = YES;
				CLANG_WARN_UNREACHABLE_CODE = YES;
				CLANG_WARN__DUPLICATE_METHOD_MATCH = YES;
				"CODE_SIGN_IDENTITY[sdk=iphoneos*]" = "iPhone Developer";
				COPY_PHASE_STRIP = NO;
				DEBUG_INFORMATION_FORMAT = dwarf;
				ENABLE_STRICT_OBJC_MSGSEND = YES;
				ENABLE_TESTABILITY = YES;
				GCC_C_LANGUAGE_STANDARD = gnu99;
				GCC_DYNAMIC_NO_PIC = NO;
				GCC_NO_COMMON_BLOCKS = YES;
				GCC_OPTIMIZATION_LEVEL = 0;
				GCC_PREPROCESSOR_DEFINITIONS = (
					"DEBUG=1",
					"$(inherited)",
				);
				GCC_WARN_64_TO_32_BIT_CONVERSION = YES;
				GCC_WARN_ABOUT_RETURN_TYPE = YES_ERROR;
				GCC_WARN_UNDECLARED_SELECTOR = YES;
				GCC_WARN_UNINITIALIZED_AUTOS = YES_AGGRESSIVE;
				GCC_WARN_UNUSED_FUNCTION = YES;
				GCC_WARN_UNUSED_VARIABLE = YES;
				IPHONEOS_DEPLOYMENT_TARGET = 9.3;
				MTL_ENABLE_DEBUG_INFO = YES;
				ONLY_ACTIVE_ARCH = YES;
				SDKROOT = iphoneos;
				SWIFT_OPTIMIZATION_LEVEL = "-Onone";
			};
			name = Debug;
		};
		E57881E61D91412600B3656E /* Release */ = {
			isa = XCBuildConfiguration;
			buildSettings = {
				ALWAYS_SEARCH_USER_PATHS = NO;
				CLANG_ANALYZER_NONNULL = YES;
				CLANG_CXX_LANGUAGE_STANDARD = "gnu++0x";
				CLANG_CXX_LIBRARY = "libc++";
				CLANG_ENABLE_MODULES = YES;
				CLANG_ENABLE_OBJC_ARC = YES;
				CLANG_WARN_BOOL_CONVERSION = YES;
				CLANG_WARN_CONSTANT_CONVERSION = YES;
				CLANG_WARN_DIRECT_OBJC_ISA_USAGE = YES_ERROR;
				CLANG_WARN_EMPTY_BODY = YES;
				CLANG_WARN_ENUM_CONVERSION = YES;
				CLANG_WARN_INFINITE_RECURSION = YES;
				CLANG_WARN_INT_CONVERSION = YES;
				CLANG_WARN_OBJC_ROOT_CLASS = YES_ERROR;
				CLANG_WARN_SUSPICIOUS_MOVE = YES;
				CLANG_WARN_UNREACHABLE_CODE = YES;
				CLANG_WARN__DUPLICATE_METHOD_MATCH = YES;
				"CODE_SIGN_IDENTITY[sdk=iphoneos*]" = "iPhone Developer";
				COPY_PHASE_STRIP = NO;
				DEBUG_INFORMATION_FORMAT = "dwarf-with-dsym";
				ENABLE_NS_ASSERTIONS = NO;
				ENABLE_STRICT_OBJC_MSGSEND = YES;
				GCC_C_LANGUAGE_STANDARD = gnu99;
				GCC_NO_COMMON_BLOCKS = YES;
				GCC_WARN_64_TO_32_BIT_CONVERSION = YES;
				GCC_WARN_ABOUT_RETURN_TYPE = YES_ERROR;
				GCC_WARN_UNDECLARED_SELECTOR = YES;
				GCC_WARN_UNINITIALIZED_AUTOS = YES_AGGRESSIVE;
				GCC_WARN_UNUSED_FUNCTION = YES;
				GCC_WARN_UNUSED_VARIABLE = YES;
				IPHONEOS_DEPLOYMENT_TARGET = 9.3;
				MTL_ENABLE_DEBUG_INFO = NO;
				SDKROOT = iphoneos;
				SWIFT_OPTIMIZATION_LEVEL = "-Owholemodule";
				VALIDATE_PRODUCT = YES;
			};
			name = Release;
		};
		E57881E81D91412600B3656E /* Debug */ = {
			isa = XCBuildConfiguration;
			baseConfigurationReference = 28F6BAC51ED2833B4FC46B22 /* Pods-EasyRdv.debug.xcconfig */;
			buildSettings = {
				ASSETCATALOG_COMPILER_APPICON_NAME = AppIcon;
				DEVELOPMENT_TEAM = AFB34M8P48;
				INFOPLIST_FILE = EasyRdv/Info.plist;
				IPHONEOS_DEPLOYMENT_TARGET = 8.0;
				LD_RUNPATH_SEARCH_PATHS = "$(inherited) @executable_path/Frameworks";
				LIBRARY_SEARCH_PATHS = (
					"$(inherited)",
					"$(PROJECT_DIR)/build/Debug-iphoneos/GoogleAPIClient",
					"$(PROJECT_DIR)/build/Debug-iphoneos/GTMOAuth2",
					"$(PROJECT_DIR)/build/Debug-iphoneos/GTMSessionFetcher",
					"$(PROJECT_DIR)/build/Debug-iphoneos",
				);
				PRODUCT_BUNDLE_IDENTIFIER = com.zsoft.EasyRdv;
				PRODUCT_NAME = "$(TARGET_NAME)";
				SWIFT_VERSION = 2.3;
			};
			name = Debug;
		};
		E57881E91D91412600B3656E /* Release */ = {
			isa = XCBuildConfiguration;
			baseConfigurationReference = A0B1761CAB9FC9066B826DFA /* Pods-EasyRdv.release.xcconfig */;
			buildSettings = {
				ASSETCATALOG_COMPILER_APPICON_NAME = AppIcon;
				DEVELOPMENT_TEAM = AFB34M8P48;
				INFOPLIST_FILE = EasyRdv/Info.plist;
				IPHONEOS_DEPLOYMENT_TARGET = 8.0;
				LD_RUNPATH_SEARCH_PATHS = "$(inherited) @executable_path/Frameworks";
				LIBRARY_SEARCH_PATHS = (
					"$(inherited)",
					"$(PROJECT_DIR)/build/Debug-iphoneos/GoogleAPIClient",
					"$(PROJECT_DIR)/build/Debug-iphoneos/GTMOAuth2",
					"$(PROJECT_DIR)/build/Debug-iphoneos/GTMSessionFetcher",
					"$(PROJECT_DIR)/build/Debug-iphoneos",
				);
				PRODUCT_BUNDLE_IDENTIFIER = com.zsoft.EasyRdv;
				PRODUCT_NAME = "$(TARGET_NAME)";
				SWIFT_VERSION = 2.3;
			};
			name = Release;
		};
		E57881EB1D91412600B3656E /* Debug */ = {
			isa = XCBuildConfiguration;
			buildSettings = {
				BUNDLE_LOADER = "$(TEST_HOST)";
				INFOPLIST_FILE = EasyRdvTests/Info.plist;
				LD_RUNPATH_SEARCH_PATHS = "$(inherited) @executable_path/Frameworks @loader_path/Frameworks";
				PRODUCT_BUNDLE_IDENTIFIER = com.zsoft.EasyRdvTests;
				PRODUCT_NAME = "$(TARGET_NAME)";
				SWIFT_VERSION = 2.3;
				TEST_HOST = "$(BUILT_PRODUCTS_DIR)/EasyRdv.app/EasyRdv";
			};
			name = Debug;
		};
		E57881EC1D91412600B3656E /* Release */ = {
			isa = XCBuildConfiguration;
			buildSettings = {
				BUNDLE_LOADER = "$(TEST_HOST)";
				INFOPLIST_FILE = EasyRdvTests/Info.plist;
				LD_RUNPATH_SEARCH_PATHS = "$(inherited) @executable_path/Frameworks @loader_path/Frameworks";
				PRODUCT_BUNDLE_IDENTIFIER = com.zsoft.EasyRdvTests;
				PRODUCT_NAME = "$(TARGET_NAME)";
				SWIFT_VERSION = 2.3;
				TEST_HOST = "$(BUILT_PRODUCTS_DIR)/EasyRdv.app/EasyRdv";
			};
			name = Release;
		};
/* End XCBuildConfiguration section */

/* Begin XCConfigurationList section */
		E57881C21D91412600B3656E /* Build configuration list for PBXProject "EasyRdv" */ = {
			isa = XCConfigurationList;
			buildConfigurations = (
				E57881E51D91412600B3656E /* Debug */,
				E57881E61D91412600B3656E /* Release */,
			);
			defaultConfigurationIsVisible = 0;
			defaultConfigurationName = Release;
		};
		E57881E71D91412600B3656E /* Build configuration list for PBXNativeTarget "EasyRdv" */ = {
			isa = XCConfigurationList;
			buildConfigurations = (
				E57881E81D91412600B3656E /* Debug */,
				E57881E91D91412600B3656E /* Release */,
			);
			defaultConfigurationIsVisible = 0;
			defaultConfigurationName = Release;
		};
		E57881EA1D91412600B3656E /* Build configuration list for PBXNativeTarget "EasyRdvTests" */ = {
			isa = XCConfigurationList;
			buildConfigurations = (
				E57881EB1D91412600B3656E /* Debug */,
				E57881EC1D91412600B3656E /* Release */,
			);
			defaultConfigurationIsVisible = 0;
			defaultConfigurationName = Release;
		};
/* End XCConfigurationList section */

/* Begin XCVersionGroup section */
		E57881D11D91412600B3656E /* EasyRdv.xcdatamodeld */ = {
			isa = XCVersionGroup;
			children = (
				E57881D21D91412600B3656E /* EasyRdv.xcdatamodel */,
			);
			currentVersion = E57881D21D91412600B3656E /* EasyRdv.xcdatamodel */;
			path = EasyRdv.xcdatamodeld;
			sourceTree = "<group>";
			versionGroupType = wrapper.xcdatamodel;
		};
/* End XCVersionGroup section */
	};
	rootObject = E57881BF1D91412600B3656E /* Project object */;
}
